
Microsoft Visual Studio Solution File, Format Version 12.00
Project("{FAE04EC0-301F-11D3-BF4B-00C04F79EFBC}") = "WebApiExample", "WebApiExample\WebApiExample.csproj", "{56C7ADB0-27C0-44F5-B865-4FFE9DAFDB0C}"
EndProject
Global
	GlobalSection(SolutionConfigurationPlatforms) = preSolution
		Debug|Any CPU = Debug|Any CPU
		Release|Any CPU = Release|Any CPU
	EndGlobalSection
	GlobalSection(ProjectConfigurationPlatforms) = postSolution
		{56C7ADB0-27C0-44F5-B865-4FFE9DAFDB0C}.Debug|Any CPU.ActiveCfg = Debug|Any CPU
		{56C7ADB0-27C0-44F5-B865-4FFE9DAFDB0C}.Debug|Any CPU.Build.0 = Debug|Any CPU
		{56C7ADB0-27C0-44F5-B865-4FFE9DAFDB0C}.Release|Any CPU.ActiveCfg = Release|Any CPU
		{56C7ADB0-27C0-44F5-B865-4FFE9DAFDB0C}.Release|Any CPU.Build.0 = Release|Any CPU
	EndGlobalSection
EndGlobal
